#!name=京东美团等电商去广告
#!desc=2026.06.18 更新 | 覆盖京东、美团
#!author=AI优化, ZenmoFeiShi, 可莉🅥, QingRex, RuCu6, Maasea, fmz200, zirawell, laoshu
#!homepage=https://raw.githubusercontent.com/jnlaoshu/MySelf/main/Egern/Module/EcommerceAdBlock.yaml

[Rule]
# ==================== 京东 ====================
URL-REGEX,^http://\w{32}\.jddebug\.com/diagnose\?,REJECT
DOMAIN,ad.3.cn,REJECT
DOMAIN,ad.jd.com,REJECT
DOMAIN,static.360buyimg.com,REJECT


# ==================== 美团 & 大众点评 ====================
DOMAIN,portal-portm.meituan.com,REJECT
DOMAIN,metrics-picture.d.meituan.net,REJECT
DOMAIN,maplocatesdksnapshot.d.meituan.net,REJECT
DOMAIN,catdot.dianping.com,REJECT
DOMAIN,catfront.dianping.com,REJECT
DOMAIN,www.dpfile.com,REJECT

# ==================== 饿了么 ====================
DOMAIN,nr-op.elemecdn.com,REJECT

# ==================== 其他电商 ====================
DOMAIN,b.appsimg.com,REJECT                     # 唯品会
DOMAIN,ad.suning.com,REJECT                     # 苏宁


[Rewrite]
# ================= JQ 数据处理 =================
# 美团
http-response-jq ^https:\/\/rms\.meituan\.com\/api\/v\d\/rmsmina\/c\/queryShopPortalInfo\? 'delpaths([["data","popUpWindows"]])'
# 京东    
^https?:\/\/m\.360buyimg\.com\/mobilecms\/s1125x2436_jfs reject-200

[Script]
# JD 去广告脚本
JD_Script = type=http-response, pattern=^https:\/\/(api|jxapi)\.m\.jd\.com\/client\.action\?functionId=(deliverLayer|getTabHomeInfo|myOrderInfo|orderTrackBusiness|personinfoBusiness|start|welcomeHome), script-path=https://kelee.one/Resource/JavaScript/JD/JD_remove_ads.js, requires-body=true

[MITM]
hostname =, *.jd.com, *.meituan.com, *.dianping.com, m.360buyimg.com
